
Microsoft Visual Studio Solution File, Format Version 12.00
Project("{FAE04EC0-301F-11D3-BF4B-00C04F79EFBC}") = "BP2415", "BP2415\BP2415.csproj", "{08997417-AA7E-4ED7-8BC7-DF5E2BE8F73E}"
EndProject
Global
	GlobalSection(SolutionConfigurationPlatforms) = preSolution
		Debug|Any CPU = Debug|Any CPU
		Release|Any CPU = Release|Any CPU
	EndGlobalSection
	GlobalSection(ProjectConfigurationPlatforms) = postSolution
		{08997417-AA7E-4ED7-8BC7-DF5E2BE8F73E}.Debug|Any CPU.ActiveCfg = Debug|Any CPU
		{08997417-AA7E-4ED7-8BC7-DF5E2BE8F73E}.Debug|Any CPU.Build.0 = Debug|Any CPU
		{08997417-AA7E-4ED7-8BC7-DF5E2BE8F73E}.Release|Any CPU.ActiveCfg = Release|Any CPU
		{08997417-AA7E-4ED7-8BC7-DF5E2BE8F73E}.Release|Any CPU.Build.0 = Release|Any CPU
	EndGlobalSection
EndGlobal
